{
  "nodes": {
    "helix-custom": {
      "inputs": {
        "nixpkgs": "nixpkgs",
        "rust-overlay": "rust-overlay"
      },
      "locked": {
        "lastModified": 1753713903,
        "narHash": "sha256-nf+FZDCFt/qhZFZXvzbEzrf2h9jBLUJ+IQMB7Ff70Qk=",
        "owner": "helix-editor",
        "repo": "helix",
        "rev": "d9fe4798fa8f1a16b7151167d3258f70759d24e2",
        "type": "github"
      },
      "original": {
        "owner": "helix-editor",
        "repo": "helix",
        "rev": "d9fe4798fa8f1a16b7151167d3258f70759d24e2",
        "type": "github"
      }
    },
    "home-manager": {
      "inputs": {
        "nixpkgs": [
          "nixpkgs"
        ]
      },
      "locked": {
        "lastModified": 1741531001,
        "narHash": "sha256-IzhBDZkoaD/vEBs4utA9hmvtxecCofxkP809yGC/LyY=",
        "owner": "nix-community",
        "repo": "home-manager",
        "rev": "cf47e7ea2182c5638fdd1b42de329cc7d185cf8b",
        "type": "github"
      },
      "original": {
        "owner": "nix-community",
        "repo": "home-manager",
        "type": "github"
      }
    },
    "nixpkgs": {
      "locked": {
        "lastModified": 1740560979,
        "narHash": "sha256-Vr3Qi346M+8CjedtbyUevIGDZW8LcA1fTG0ugPY/Hic=",
        "owner": "nixos",
        "repo": "nixpkgs",
        "rev": "5135c59491985879812717f4c9fea69604e7f26f",
        "type": "github"
      },
      "original": {
        "owner": "nixos",
        "ref": "nixos-unstable",
        "repo": "nixpkgs",
        "type": "github"
      }
    },
    "nixpkgs-unstable": {
      "locked": {
        "lastModified": 1753432016,
        "narHash": "sha256-cnL5WWn/xkZoyH/03NNUS7QgW5vI7D1i74g48qplCvg=",
        "owner": "nixos",
        "repo": "nixpkgs",
        "rev": "6027c30c8e9810896b92429f0092f624f7b1aace",
        "type": "github"
      },
      "original": {
        "owner": "nixos",
        "ref": "nixpkgs-unstable",
        "repo": "nixpkgs",
        "type": "github"
      }
    },
    "nixpkgs_2": {
      "locked": {
        "lastModified": 1741310760,
        "narHash": "sha256-aizILFrPgq/W53Jw8i0a1h1GZAAKtlYOrG/A5r46gVM=",
        "owner": "nixos",
        "repo": "nixpkgs",
        "rev": "de0fe301211c267807afd11b12613f5511ff7433",
        "type": "github"
      },
      "original": {
        "owner": "nixos",
        "ref": "nixpkgs-unstable",
        "repo": "nixpkgs",
        "type": "github"
      }
    },
    "nixpkgs_3": {
      "locked": {
        "lastModified": 1736320768,
        "narHash": "sha256-nIYdTAiKIGnFNugbomgBJR+Xv5F1ZQU+HfaBqJKroC0=",
        "owner": "NixOS",
        "repo": "nixpkgs",
        "rev": "4bc9c909d9ac828a039f288cf872d16d38185db8",
        "type": "github"
      },
      "original": {
        "owner": "NixOS",
        "ref": "nixpkgs-unstable",
        "repo": "nixpkgs",
        "type": "github"
      }
    },
    "root": {
      "inputs": {
        "helix-custom": "helix-custom",
        "home-manager": "home-manager",
        "nixpkgs": "nixpkgs_2",
        "nixpkgs-unstable": "nixpkgs-unstable",
        "rust-overlay": "rust-overlay_2",
        "utils": "utils"
      }
    },
    "rust-overlay": {
      "inputs": {
        "nixpkgs": [
          "helix-custom",
          "nixpkgs"
        ]
      },
      "locked": {
        "lastModified": 1740623427,
        "narHash": "sha256-3SdPQrZoa4odlScFDUHd4CUPQ/R1gtH4Mq9u8CBiK8M=",
        "owner": "oxalica",
        "repo": "rust-overlay",
        "rev": "d342e8b5fd88421ff982f383c853f0fc78a847ab",
        "type": "github"
      },
      "original": {
        "owner": "oxalica",
        "repo": "rust-overlay",
        "type": "github"
      }
    },
    "rust-overlay_2": {
      "inputs": {
        "nixpkgs": "nixpkgs_3"
      },
      "locked": {
        "lastModified": 1741486734,
        "narHash": "sha256-3hrpyTLNmnJpioVT1DDoVgsp7fWYkuS3JWCtfHsX1rk=",
        "owner": "oxalica",
        "repo": "rust-overlay",
        "rev": "d95582a900bd0e7e516ce3bed0503f742649fffb",
        "type": "github"
      },
      "original": {
        "owner": "oxalica",
        "repo": "rust-overlay",
        "type": "github"
      }
    },
    "systems": {
      "locked": {
        "lastModified": 1681028828,
        "narHash": "sha256-Vy1rq5AaRuLzOxct8nz4T6wlgyUR7zLU309k9mBC768=",
        "owner": "nix-systems",
        "repo": "default",
        "rev": "da67096a3b9bf56a91d16901293e51ba5b49a27e",
        "type": "github"
      },
      "original": {
        "owner": "nix-systems",
        "repo": "default",
        "type": "github"
      }
    },
    "utils": {
      "inputs": {
        "systems": "systems"
      },
      "locked": {
        "lastModified": 1731533236,
        "narHash": "sha256-l0KFg5HjrsfsO/JpG+r7fRrqm12kzFHyUHqHCVpMMbI=",
        "owner": "numtide",
        "repo": "flake-utils",
        "rev": "11707dc2f618dd54ca8739b309ec4fc024de578b",
        "type": "github"
      },
      "original": {
        "owner": "numtide",
        "repo": "flake-utils",
        "type": "github"
      }
    }
  },
  "root": "root",
  "version": 7
}
